
Microsoft Visual Studio Solution File, Format Version 12.00
# Visual Studio 15
Project("{FAE04EC0-301F-11D3-BF4B-00C04F79EFBC}") = "Assembly-CSharp", "Assembly-CSharp.csproj", "{26401A0D-802F-FF74-5DA0-36DC8DEFA39D}"
EndProject
Project("{FAE04EC0-301F-11D3-BF4B-00C04F79EFBC}") = "Assembly-CSharp-Editor-firstpass", "Assembly-CSharp-Editor-firstpass.csproj", "{1DD8DD9C-DB50-CE54-13A4-16FE99C7E688}"
EndProject
Global
	GlobalSection(SolutionConfigurationPlatforms) = preSolution
		Debug|Any CPU = Debug|Any CPU
		Release|Any CPU = Release|Any CPU
	EndGlobalSection
	GlobalSection(ProjectConfigurationPlatforms) = postSolution
		{26401A0D-802F-FF74-5DA0-36DC8DEFA39D}.Debug|Any CPU.ActiveCfg = Debug|Any CPU
		{26401A0D-802F-FF74-5DA0-36DC8DEFA39D}.Debug|Any CPU.Build.0 = Debug|Any CPU
		{26401A0D-802F-FF74-5DA0-36DC8DEFA39D}.Release|Any CPU.ActiveCfg = Release|Any CPU
		{26401A0D-802F-FF74-5DA0-36DC8DEFA39D}.Release|Any CPU.Build.0 = Release|Any CPU
		{1DD8DD9C-DB50-CE54-13A4-16FE99C7E688}.Debug|Any CPU.ActiveCfg = Debug|Any CPU
		{1DD8DD9C-DB50-CE54-13A4-16FE99C7E688}.Debug|Any CPU.Build.0 = Debug|Any CPU
		{1DD8DD9C-DB50-CE54-13A4-16FE99C7E688}.Release|Any CPU.ActiveCfg = Release|Any CPU
		{1DD8DD9C-DB50-CE54-13A4-16FE99C7E688}.Release|Any CPU.Build.0 = Release|Any CPU
	EndGlobalSection
	GlobalSection(SolutionProperties) = preSolution
		HideSolutionNode = FALSE
	EndGlobalSection
EndGlobal
